<?xml version="1.0" encoding="UTF-8" standalone="yes" ?>
<CodeBlocks_project_file>
	<FileVersion major="1" minor="6" />
	<Project>
		<Option title="Trabalho01_IA" />
		<Option pch_mode="2" />
		<Option compiler="gcc" />
		<Build>
			<Target title="Debug">
				<Option output="bin/Debug/Trabalho01_IA" prefix_auto="1" extension_auto="1" />
				<Option object_output="obj/Debug/" />
				<Option type="1" />
				<Option compiler="gcc" />
				<Compiler>
					<Add option="-g" />
				</Compiler>
			</Target>
			<Target title="Release">
				<Option output="bin/Release/Trabalho01_IA" prefix_auto="1" extension_auto="1" />
				<Option object_output="obj/Release/" />
				<Option type="1" />
				<Option compiler="gcc" />
				<Compiler>
					<Add option="-O2" />
				</Compiler>
				<Linker>
					<Add option="-s" />
				</Linker>
			</Target>
		</Build>
		<Compiler>
			<Add option="-Wall" />
		</Compiler>
		<Unit filename="acoes.h" />
		<Unit filename="agente_objetivos.c">
			<Option compilerVar="CC" />
		</Unit>
		<Unit filename="agente_objetivos.h" />
		<Unit filename="agente_reativo_modelos.c">
			<Option compilerVar="CC" />
		</Unit>
		<Unit filename="agente_reativo_modelos.h" />
		<Unit filename="agente_reativo_simples.c">
			<Option compilerVar="CC" />
		</Unit>
		<Unit filename="agente_reativo_simples.h" />
		<Unit filename="agente_utilidade.c">
			<Option compilerVar="CC" />
		</Unit>
		<Unit filename="agente_utilidade.h" />
		<Unit filename="ambiente.c">
			<Option compilerVar="CC" />
		</Unit>
		<Unit filename="ambiente.h" />
		<Unit filename="item.h" />
		<Unit filename="main.c">
			<Option compilerVar="CC" />
		</Unit>
		<Extensions>
			<lib_finder disable_auto="1" />
		</Extensions>
	</Project>
</CodeBlocks_project_file>
